
Microsoft Visual Studio Solution File, Format Version 12.00
# Visual Studio Version 17
VisualStudioVersion = 17.0.31903.59
MinimumVisualStudioVersion = 10.0.40219.1
Project("{2150E333-8FDC-42A3-9474-1A3956D46DE8}") = "tests", "tests", "{0AB3BF05-4346-4AA6-1389-037BE0695223}"
EndProject
Project("{FAE04EC0-301F-11D3-BF4B-00C04F79EFBC}") = "TShirtStore.Api.Tests", "tests\TShirtStore.Api.Tests\TShirtStore.Api.Tests.csproj", "{1911E5A5-0B52-4B9A-9FBF-1C36FB9A6F41}"
EndProject
Project("{FAE04EC0-301F-11D3-BF4B-00C04F79EFBC}") = "TShirtStore.BlazorApp.Tests", "tests\TShirtStore.BlazorApp.Tests\TShirtStore.BlazorApp.Tests.csproj", "{8BDDEFC3-1833-4FE8-8D2D-0B145C518FEE}"
EndProject
Project("{FAE04EC0-301F-11D3-BF4B-00C04F79EFBC}") = "TShirtStore.IntegrationTests", "tests\TShirtStore.IntegrationTests\TShirtStore.IntegrationTests.csproj", "{660216F2-DF68-4521-95BA-08B25D2C468A}"
EndProject
Project("{2150E333-8FDC-42A3-9474-1A3956D46DE8}") = "src", "src", "{827E0CD3-B72D-47B6-A68D-7590B98EB39B}"
EndProject
Project("{FAE04EC0-301F-11D3-BF4B-00C04F79EFBC}") = "TShirtStore.Api", "src\TShirtStore.Api\TShirtStore.Api.csproj", "{7D3CBE35-D7D6-4B39-9A45-D2406C53C43D}"
EndProject
Project("{FAE04EC0-301F-11D3-BF4B-00C04F79EFBC}") = "TShirtStore.BlazorApp", "src\TShirtStore.BlazorApp\TShirtStore.BlazorApp.csproj", "{57644A0E-77CE-40DF-B20F-E7B8C47DE6F4}"
EndProject
Project("{FAE04EC0-301F-11D3-BF4B-00C04F79EFBC}") = "TShirtStore.Shared", "src\TShirtStore.Shared\TShirtStore.Shared.csproj", "{3E8DCB21-4F90-416A-B2D4-935242D8064A}"
EndProject
Global
	GlobalSection(SolutionConfigurationPlatforms) = preSolution
		Debug|Any CPU = Debug|Any CPU
		Debug|x64 = Debug|x64
		Debug|x86 = Debug|x86
		Release|Any CPU = Release|Any CPU
		Release|x64 = Release|x64
		Release|x86 = Release|x86
	EndGlobalSection
	GlobalSection(ProjectConfigurationPlatforms) = postSolution
		{1911E5A5-0B52-4B9A-9FBF-1C36FB9A6F41}.Debug|Any CPU.ActiveCfg = Debug|Any CPU
		{1911E5A5-0B52-4B9A-9FBF-1C36FB9A6F41}.Debug|Any CPU.Build.0 = Debug|Any CPU
		{1911E5A5-0B52-4B9A-9FBF-1C36FB9A6F41}.Debug|x64.ActiveCfg = Debug|Any CPU
		{1911E5A5-0B52-4B9A-9FBF-1C36FB9A6F41}.Debug|x64.Build.0 = Debug|Any CPU
		{1911E5A5-0B52-4B9A-9FBF-1C36FB9A6F41}.Debug|x86.ActiveCfg = Debug|Any CPU
		{1911E5A5-0B52-4B9A-9FBF-1C36FB9A6F41}.Debug|x86.Build.0 = Debug|Any CPU
		{1911E5A5-0B52-4B9A-9FBF-1C36FB9A6F41}.Release|Any CPU.ActiveCfg = Release|Any CPU
		{1911E5A5-0B52-4B9A-9FBF-1C36FB9A6F41}.Release|Any CPU.Build.0 = Release|Any CPU
		{1911E5A5-0B52-4B9A-9FBF-1C36FB9A6F41}.Release|x64.ActiveCfg = Release|Any CPU
		{1911E5A5-0B52-4B9A-9FBF-1C36FB9A6F41}.Release|x64.Build.0 = Release|Any CPU
		{1911E5A5-0B52-4B9A-9FBF-1C36FB9A6F41}.Release|x86.ActiveCfg = Release|Any CPU
		{1911E5A5-0B52-4B9A-9FBF-1C36FB9A6F41}.Release|x86.Build.0 = Release|Any CPU
		{8BDDEFC3-1833-4FE8-8D2D-0B145C518FEE}.Debug|Any CPU.ActiveCfg = Debug|Any CPU
		{8BDDEFC3-1833-4FE8-8D2D-0B145C518FEE}.Debug|Any CPU.Build.0 = Debug|Any CPU
		{8BDDEFC3-1833-4FE8-8D2D-0B145C518FEE}.Debug|x64.ActiveCfg = Debug|Any CPU
		{8BDDEFC3-1833-4FE8-8D2D-0B145C518FEE}.Debug|x64.Build.0 = Debug|Any CPU
		{8BDDEFC3-1833-4FE8-8D2D-0B145C518FEE}.Debug|x86.ActiveCfg = Debug|Any CPU
		{8BDDEFC3-1833-4FE8-8D2D-0B145C518FEE}.Debug|x86.Build.0 = Debug|Any CPU
		{8BDDEFC3-1833-4FE8-8D2D-0B145C518FEE}.Release|Any CPU.ActiveCfg = Release|Any CPU
		{8BDDEFC3-1833-4FE8-8D2D-0B145C518FEE}.Release|Any CPU.Build.0 = Release|Any CPU
		{8BDDEFC3-1833-4FE8-8D2D-0B145C518FEE}.Release|x64.ActiveCfg = Release|Any CPU
		{8BDDEFC3-1833-4FE8-8D2D-0B145C518FEE}.Release|x64.Build.0 = Release|Any CPU
		{8BDDEFC3-1833-4FE8-8D2D-0B145C518FEE}.Release|x86.ActiveCfg = Release|Any CPU
		{8BDDEFC3-1833-4FE8-8D2D-0B145C518FEE}.Release|x86.Build.0 = Release|Any CPU
		{660216F2-DF68-4521-95BA-08B25D2C468A}.Debug|Any CPU.ActiveCfg = Debug|Any CPU
		{660216F2-DF68-4521-95BA-08B25D2C468A}.Debug|Any CPU.Build.0 = Debug|Any CPU
		{660216F2-DF68-4521-95BA-08B25D2C468A}.Debug|x64.ActiveCfg = Debug|Any CPU
		{660216F2-DF68-4521-95BA-08B25D2C468A}.Debug|x64.Build.0 = Debug|Any CPU
		{660216F2-DF68-4521-95BA-08B25D2C468A}.Debug|x86.ActiveCfg = Debug|Any CPU
		{660216F2-DF68-4521-95BA-08B25D2C468A}.Debug|x86.Build.0 = Debug|Any CPU
		{660216F2-DF68-4521-95BA-08B25D2C468A}.Release|Any CPU.ActiveCfg = Release|Any CPU
		{660216F2-DF68-4521-95BA-08B25D2C468A}.Release|Any CPU.Build.0 = Release|Any CPU
		{660216F2-DF68-4521-95BA-08B25D2C468A}.Release|x64.ActiveCfg = Release|Any CPU
		{660216F2-DF68-4521-95BA-08B25D2C468A}.Release|x64.Build.0 = Release|Any CPU
		{660216F2-DF68-4521-95BA-08B25D2C468A}.Release|x86.ActiveCfg = Release|Any CPU
		{660216F2-DF68-4521-95BA-08B25D2C468A}.Release|x86.Build.0 = Release|Any CPU
		{7D3CBE35-D7D6-4B39-9A45-D2406C53C43D}.Debug|Any CPU.ActiveCfg = Debug|Any CPU
		{7D3CBE35-D7D6-4B39-9A45-D2406C53C43D}.Debug|Any CPU.Build.0 = Debug|Any CPU
		{7D3CBE35-D7D6-4B39-9A45-D2406C53C43D}.Debug|x64.ActiveCfg = Debug|Any CPU
		{7D3CBE35-D7D6-4B39-9A45-D2406C53C43D}.Debug|x64.Build.0 = Debug|Any CPU
		{7D3CBE35-D7D6-4B39-9A45-D2406C53C43D}.Debug|x86.ActiveCfg = Debug|Any CPU
		{7D3CBE35-D7D6-4B39-9A45-D2406C53C43D}.Debug|x86.Build.0 = Debug|Any CPU
		{7D3CBE35-D7D6-4B39-9A45-D2406C53C43D}.Release|Any CPU.ActiveCfg = Release|Any CPU
		{7D3CBE35-D7D6-4B39-9A45-D2406C53C43D}.Release|Any CPU.Build.0 = Release|Any CPU
		{7D3CBE35-D7D6-4B39-9A45-D2406C53C43D}.Release|x64.ActiveCfg = Release|Any CPU
		{7D3CBE35-D7D6-4B39-9A45-D2406C53C43D}.Release|x64.Build.0 = Release|Any CPU
		{7D3CBE35-D7D6-4B39-9A45-D2406C53C43D}.Release|x86.ActiveCfg = Release|Any CPU
		{7D3CBE35-D7D6-4B39-9A45-D2406C53C43D}.Release|x86.Build.0 = Release|Any CPU
		{57644A0E-77CE-40DF-B20F-E7B8C47DE6F4}.Debug|Any CPU.ActiveCfg = Debug|Any CPU
		{57644A0E-77CE-40DF-B20F-E7B8C47DE6F4}.Debug|Any CPU.Build.0 = Debug|Any CPU
		{57644A0E-77CE-40DF-B20F-E7B8C47DE6F4}.Debug|x64.ActiveCfg = Debug|Any CPU
		{57644A0E-77CE-40DF-B20F-E7B8C47DE6F4}.Debug|x64.Build.0 = Debug|Any CPU
		{57644A0E-77CE-40DF-B20F-E7B8C47DE6F4}.Debug|x86.ActiveCfg = Debug|Any CPU
		{57644A0E-77CE-40DF-B20F-E7B8C47DE6F4}.Debug|x86.Build.0 = Debug|Any CPU
		{57644A0E-77CE-40DF-B20F-E7B8C47DE6F4}.Release|Any CPU.ActiveCfg = Release|Any CPU
		{57644A0E-77CE-40DF-B20F-E7B8C47DE6F4}.Release|Any CPU.Build.0 = Release|Any CPU
		{57644A0E-77CE-40DF-B20F-E7B8C47DE6F4}.Release|x64.ActiveCfg = Release|Any CPU
		{57644A0E-77CE-40DF-B20F-E7B8C47DE6F4}.Release|x64.Build.0 = Release|Any CPU
		{57644A0E-77CE-40DF-B20F-E7B8C47DE6F4}.Release|x86.ActiveCfg = Release|Any CPU
		{57644A0E-77CE-40DF-B20F-E7B8C47DE6F4}.Release|x86.Build.0 = Release|Any CPU
		{3E8DCB21-4F90-416A-B2D4-935242D8064A}.Debug|Any CPU.ActiveCfg = Debug|Any CPU
		{3E8DCB21-4F90-416A-B2D4-935242D8064A}.Debug|Any CPU.Build.0 = Debug|Any CPU
		{3E8DCB21-4F90-416A-B2D4-935242D8064A}.Debug|x64.ActiveCfg = Debug|Any CPU
		{3E8DCB21-4F90-416A-B2D4-935242D8064A}.Debug|x64.Build.0 = Debug|Any CPU
		{3E8DCB21-4F90-416A-B2D4-935242D8064A}.Debug|x86.ActiveCfg = Debug|Any CPU
		{3E8DCB21-4F90-416A-B2D4-935242D8064A}.Debug|x86.Build.0 = Debug|Any CPU
		{3E8DCB21-4F90-416A-B2D4-935242D8064A}.Release|Any CPU.ActiveCfg = Release|Any CPU
		{3E8DCB21-4F90-416A-B2D4-935242D8064A}.Release|Any CPU.Build.0 = Release|Any CPU
		{3E8DCB21-4F90-416A-B2D4-935242D8064A}.Release|x64.ActiveCfg = Release|Any CPU
		{3E8DCB21-4F90-416A-B2D4-935242D8064A}.Release|x64.Build.0 = Release|Any CPU
		{3E8DCB21-4F90-416A-B2D4-935242D8064A}.Release|x86.ActiveCfg = Release|Any CPU
		{3E8DCB21-4F90-416A-B2D4-935242D8064A}.Release|x86.Build.0 = Release|Any CPU
	EndGlobalSection
	GlobalSection(SolutionProperties) = preSolution
		HideSolutionNode = FALSE
	EndGlobalSection
	GlobalSection(NestedProjects) = preSolution
		{1911E5A5-0B52-4B9A-9FBF-1C36FB9A6F41} = {0AB3BF05-4346-4AA6-1389-037BE0695223}
		{8BDDEFC3-1833-4FE8-8D2D-0B145C518FEE} = {0AB3BF05-4346-4AA6-1389-037BE0695223}
		{660216F2-DF68-4521-95BA-08B25D2C468A} = {0AB3BF05-4346-4AA6-1389-037BE0695223}
		{7D3CBE35-D7D6-4B39-9A45-D2406C53C43D} = {827E0CD3-B72D-47B6-A68D-7590B98EB39B}
		{57644A0E-77CE-40DF-B20F-E7B8C47DE6F4} = {827E0CD3-B72D-47B6-A68D-7590B98EB39B}
		{3E8DCB21-4F90-416A-B2D4-935242D8064A} = {827E0CD3-B72D-47B6-A68D-7590B98EB39B}
	EndGlobalSection
EndGlobal
